
Microsoft Visual Studio Solution File, Format Version 12.00
# Visual Studio Version 16
VisualStudioVersion = 16.0.30011.22
MinimumVisualStudioVersion = 10.0.40219.1
Project("{FAE04EC0-301F-11D3-BF4B-00C04F79EFBC}") = "Internos_downloaderv2_0Net", "Internos_douwnloaderv2.0Net\Internos_downloaderv2_0Net.csproj", "{AF7FE2D0-28AC-4890-8A54-4153DBEB98C5}"
EndProject
Global
	GlobalSection(SolutionConfigurationPlatforms) = preSolution
		Debug|Any CPU = Debug|Any CPU
		Release|Any CPU = Release|Any CPU
	EndGlobalSection
	GlobalSection(ProjectConfigurationPlatforms) = postSolution
		{AF7FE2D0-28AC-4890-8A54-4153DBEB98C5}.Debug|Any CPU.ActiveCfg = Debug|Any CPU
		{AF7FE2D0-28AC-4890-8A54-4153DBEB98C5}.Debug|Any CPU.Build.0 = Debug|Any CPU
		{AF7FE2D0-28AC-4890-8A54-4153DBEB98C5}.Release|Any CPU.ActiveCfg = Release|Any CPU
		{AF7FE2D0-28AC-4890-8A54-4153DBEB98C5}.Release|Any CPU.Build.0 = Release|Any CPU
	EndGlobalSection
	GlobalSection(SolutionProperties) = preSolution
		HideSolutionNode = FALSE
	EndGlobalSection
	GlobalSection(ExtensibilityGlobals) = postSolution
		SolutionGuid = {432A980D-5170-4DC7-825C-14C47752AD1E}
	EndGlobalSection
EndGlobal
